
Microsoft Visual Studio Solution File, Format Version 12.00
# Visual Studio 15
VisualStudioVersion = 15.0.26430.16
MinimumVisualStudioVersion = 10.0.40219.1
Project("{2150E333-8FDC-42A3-9474-1A3956D46DE8}") = "DotNetCore", "DotNetCore", "{62CA0802-6C33-4A22-822B-033F769446A7}"
EndProject
Project("{2150E333-8FDC-42A3-9474-1A3956D46DE8}") = "AspNetCoreMVC", "AspNetCoreMVC", "{BF8C0FE5-95ED-4E39-B2F7-D465A9FCD5D3}"
EndProject
Project("{2150E333-8FDC-42A3-9474-1A3956D46DE8}") = "WebAPI", "WebAPI", "{B2992976-A3C5-4371-84A9-C4DF0732E5CD}"
EndProject
Project("{2150E333-8FDC-42A3-9474-1A3956D46DE8}") = "RestAPI", "RestAPI", "{F09E00D5-D2D8-4368-BB4F-B7F3C4463242}"
EndProject
Project("{2150E333-8FDC-42A3-9474-1A3956D46DE8}") = "GraphQL", "GraphQL", "{19B7B87A-E2B3-4B07-840D-49305EE1B77D}"
EndProject
Project("{9A19103F-16F7-4668-BE54-9A1E7A4F7556}") = "ApiWorld", "ApiWorld\ApiWorld.csproj", "{8141C3AF-93CA-4AB0-97D6-B6916662EA34}"
EndProject
Project("{2150E333-8FDC-42A3-9474-1A3956D46DE8}") = "Models", "Models", "{84A3F8DA-A319-4059-A3C7-0A5195F888CA}"
EndProject
Project("{2150E333-8FDC-42A3-9474-1A3956D46DE8}") = "Entites", "Entites", "{4BF47266-4FF7-4377-B4EE-1F47D89A5F2F}"
EndProject
Project("{9A19103F-16F7-4668-BE54-9A1E7A4F7556}") = "H_Sport", "H_Sport\H_Sport.csproj", "{6EAD7428-33B0-4270-8EB7-E6C858AE80B1}"
EndProject
Project("{2150E333-8FDC-42A3-9474-1A3956D46DE8}") = "Services", "Services", "{1DF4F715-30EF-4BF6-8C83-B81483AAD41B}"
EndProject
Project("{FAE04EC0-301F-11D3-BF4B-00C04F79EFBC}") = "H_SportServices", "H_SportServices\H_SportServices.csproj", "{DDB5A5E3-CF97-46FF-859F-7A1FEA1D5A80}"
EndProject
Global
	GlobalSection(SolutionConfigurationPlatforms) = preSolution
		Debug|Any CPU = Debug|Any CPU
		Release|Any CPU = Release|Any CPU
	EndGlobalSection
	GlobalSection(ProjectConfigurationPlatforms) = postSolution
		{8141C3AF-93CA-4AB0-97D6-B6916662EA34}.Debug|Any CPU.ActiveCfg = Debug|Any CPU
		{8141C3AF-93CA-4AB0-97D6-B6916662EA34}.Debug|Any CPU.Build.0 = Debug|Any CPU
		{8141C3AF-93CA-4AB0-97D6-B6916662EA34}.Release|Any CPU.ActiveCfg = Release|Any CPU
		{8141C3AF-93CA-4AB0-97D6-B6916662EA34}.Release|Any CPU.Build.0 = Release|Any CPU
		{6EAD7428-33B0-4270-8EB7-E6C858AE80B1}.Debug|Any CPU.ActiveCfg = Debug|Any CPU
		{6EAD7428-33B0-4270-8EB7-E6C858AE80B1}.Debug|Any CPU.Build.0 = Debug|Any CPU
		{6EAD7428-33B0-4270-8EB7-E6C858AE80B1}.Release|Any CPU.ActiveCfg = Release|Any CPU
		{6EAD7428-33B0-4270-8EB7-E6C858AE80B1}.Release|Any CPU.Build.0 = Release|Any CPU
		{DDB5A5E3-CF97-46FF-859F-7A1FEA1D5A80}.Debug|Any CPU.ActiveCfg = Debug|Any CPU
		{DDB5A5E3-CF97-46FF-859F-7A1FEA1D5A80}.Debug|Any CPU.Build.0 = Debug|Any CPU
		{DDB5A5E3-CF97-46FF-859F-7A1FEA1D5A80}.Release|Any CPU.ActiveCfg = Release|Any CPU
		{DDB5A5E3-CF97-46FF-859F-7A1FEA1D5A80}.Release|Any CPU.Build.0 = Release|Any CPU
	EndGlobalSection
	GlobalSection(SolutionProperties) = preSolution
		HideSolutionNode = FALSE
	EndGlobalSection
	GlobalSection(NestedProjects) = preSolution
		{BF8C0FE5-95ED-4E39-B2F7-D465A9FCD5D3} = {62CA0802-6C33-4A22-822B-033F769446A7}
		{B2992976-A3C5-4371-84A9-C4DF0732E5CD} = {BF8C0FE5-95ED-4E39-B2F7-D465A9FCD5D3}
		{F09E00D5-D2D8-4368-BB4F-B7F3C4463242} = {B2992976-A3C5-4371-84A9-C4DF0732E5CD}
		{19B7B87A-E2B3-4B07-840D-49305EE1B77D} = {B2992976-A3C5-4371-84A9-C4DF0732E5CD}
		{8141C3AF-93CA-4AB0-97D6-B6916662EA34} = {F09E00D5-D2D8-4368-BB4F-B7F3C4463242}
		{84A3F8DA-A319-4059-A3C7-0A5195F888CA} = {62CA0802-6C33-4A22-822B-033F769446A7}
		{4BF47266-4FF7-4377-B4EE-1F47D89A5F2F} = {84A3F8DA-A319-4059-A3C7-0A5195F888CA}
		{6EAD7428-33B0-4270-8EB7-E6C858AE80B1} = {4BF47266-4FF7-4377-B4EE-1F47D89A5F2F}
		{1DF4F715-30EF-4BF6-8C83-B81483AAD41B} = {84A3F8DA-A319-4059-A3C7-0A5195F888CA}
		{DDB5A5E3-CF97-46FF-859F-7A1FEA1D5A80} = {1DF4F715-30EF-4BF6-8C83-B81483AAD41B}
	EndGlobalSection
	GlobalSection(ExtensibilityGlobals) = postSolution
		SolutionGuid = {C40B55BC-C813-421F-8755-D8DF43DA16C4}
	EndGlobalSection
EndGlobal
